
Microsoft Visual Studio Solution File, Format Version 12.00
# Visual Studio Version 17
VisualStudioVersion = 17.14.36414.22 d17.14
MinimumVisualStudioVersion = 10.0.40219.1
Project("{FAE04EC0-301F-11D3-BF4B-00C04F79EFBC}") = "MyMovies.API", "MyMovies.API.csproj", "{549BF67F-67DD-453C-BF9F-F34125539464}"
EndProject
Global
	GlobalSection(SolutionConfigurationPlatforms) = preSolution
		Debug|Any CPU = Debug|Any CPU
		Release|Any CPU = Release|Any CPU
	EndGlobalSection
	GlobalSection(ProjectConfigurationPlatforms) = postSolution
		{549BF67F-67DD-453C-BF9F-F34125539464}.Debug|Any CPU.ActiveCfg = Debug|Any CPU
		{549BF67F-67DD-453C-BF9F-F34125539464}.Debug|Any CPU.Build.0 = Debug|Any CPU
		{549BF67F-67DD-453C-BF9F-F34125539464}.Release|Any CPU.ActiveCfg = Release|Any CPU
		{549BF67F-67DD-453C-BF9F-F34125539464}.Release|Any CPU.Build.0 = Release|Any CPU
	EndGlobalSection
	GlobalSection(SolutionProperties) = preSolution
		HideSolutionNode = FALSE
	EndGlobalSection
	GlobalSection(ExtensibilityGlobals) = postSolution
		SolutionGuid = {1C0EC0B9-72CC-4338-8A4C-9848EA6794A1}
	EndGlobalSection
EndGlobal
